
Microsoft Visual Studio Solution File, Format Version 12.00
# Visual Studio Version 17
VisualStudioVersion = 17.8.34330.188
MinimumVisualStudioVersion = 10.0.40219.1
Project("{2150E333-8FDC-42A3-9474-1A3956D46DE8}") = "core", "core", "{DC219B24-191E-4D3D-9245-25152D253795}"
EndProject
Project("{2150E333-8FDC-42A3-9474-1A3956D46DE8}") = "infrastructure", "infrastructure", "{8645CE47-C0F8-405D-8B74-076DFD300D18}"
EndProject
Project("{2150E333-8FDC-42A3-9474-1A3956D46DE8}") = "presentation", "presentation", "{71C1C315-176B-4F92-9E0D-BB8063C44C48}"
EndProject
Project("{9A19103F-16F7-4668-BE54-9A1E7A4F7556}") = "Kavenegar.Domain", "src\core\Kavenegar.Domain\Kavenegar.Domain.csproj", "{B8FB82EB-07EA-4D64-A5BB-A6E17FCFF5A5}"
EndProject
Project("{9A19103F-16F7-4668-BE54-9A1E7A4F7556}") = "Kavenegar.Application", "src\core\Kavenegar.Application\Kavenegar.Application.csproj", "{78B4C9C3-7C65-4F2B-8D70-1695719A6D4B}"
EndProject
Project("{9A19103F-16F7-4668-BE54-9A1E7A4F7556}") = "Kavenegar.Infrastructure", "src\infrastructure\Kavenegar.Infrastructure\Kavenegar.Infrastructure.csproj", "{E9AFCE65-8B41-4B20-8C2F-3D359734FBE7}"
EndProject
Project("{9A19103F-16F7-4668-BE54-9A1E7A4F7556}") = "Kavenegar.API", "src\presentation\Kavenegar.API\Kavenegar.API.csproj", "{58D5B1F3-AC5D-4EBE-9318-A306F0D5F041}"
EndProject
Project("{2150E333-8FDC-42A3-9474-1A3956D46DE8}") = "Test", "Test", "{4B30748E-0080-4751-B3DB-45D98129F5F2}"
EndProject
Project("{FAE04EC0-301F-11D3-BF4B-00C04F79EFBC}") = "UnitTest", "test\UnitTest\UnitTest.csproj", "{E327799B-75AE-4027-91DA-FB70BBC335B4}"
EndProject
Project("{FAE04EC0-301F-11D3-BF4B-00C04F79EFBC}") = "IntegrationTests", "test\IntegrationTests\IntegrationTests.csproj", "{2B7F943C-3375-43D8-B86A-242AEBA20748}"
EndProject
Project("{FAE04EC0-301F-11D3-BF4B-00C04F79EFBC}") = "FunctionalTests", "test\FunctionalTests\FunctionalTests.csproj", "{25DF3DCC-BC05-4071-AB4C-6262B0E5D0AD}"
EndProject
Project("{FAE04EC0-301F-11D3-BF4B-00C04F79EFBC}") = "SharedDatabaseSetup", "test\SharedDatabaseSetup\SharedDatabaseSetup.csproj", "{D0410D69-1C05-45EC-9224-D424E8DA303A}"
EndProject
Global
	GlobalSection(SolutionConfigurationPlatforms) = preSolution
		Debug|Any CPU = Debug|Any CPU
		Release|Any CPU = Release|Any CPU
	EndGlobalSection
	GlobalSection(ProjectConfigurationPlatforms) = postSolution
		{B8FB82EB-07EA-4D64-A5BB-A6E17FCFF5A5}.Debug|Any CPU.ActiveCfg = Debug|Any CPU
		{B8FB82EB-07EA-4D64-A5BB-A6E17FCFF5A5}.Debug|Any CPU.Build.0 = Debug|Any CPU
		{B8FB82EB-07EA-4D64-A5BB-A6E17FCFF5A5}.Release|Any CPU.ActiveCfg = Release|Any CPU
		{B8FB82EB-07EA-4D64-A5BB-A6E17FCFF5A5}.Release|Any CPU.Build.0 = Release|Any CPU
		{78B4C9C3-7C65-4F2B-8D70-1695719A6D4B}.Debug|Any CPU.ActiveCfg = Debug|Any CPU
		{78B4C9C3-7C65-4F2B-8D70-1695719A6D4B}.Debug|Any CPU.Build.0 = Debug|Any CPU
		{78B4C9C3-7C65-4F2B-8D70-1695719A6D4B}.Release|Any CPU.ActiveCfg = Release|Any CPU
		{78B4C9C3-7C65-4F2B-8D70-1695719A6D4B}.Release|Any CPU.Build.0 = Release|Any CPU
		{E9AFCE65-8B41-4B20-8C2F-3D359734FBE7}.Debug|Any CPU.ActiveCfg = Debug|Any CPU
		{E9AFCE65-8B41-4B20-8C2F-3D359734FBE7}.Debug|Any CPU.Build.0 = Debug|Any CPU
		{E9AFCE65-8B41-4B20-8C2F-3D359734FBE7}.Release|Any CPU.ActiveCfg = Release|Any CPU
		{E9AFCE65-8B41-4B20-8C2F-3D359734FBE7}.Release|Any CPU.Build.0 = Release|Any CPU
		{58D5B1F3-AC5D-4EBE-9318-A306F0D5F041}.Debug|Any CPU.ActiveCfg = Debug|Any CPU
		{58D5B1F3-AC5D-4EBE-9318-A306F0D5F041}.Debug|Any CPU.Build.0 = Debug|Any CPU
		{58D5B1F3-AC5D-4EBE-9318-A306F0D5F041}.Release|Any CPU.ActiveCfg = Release|Any CPU
		{58D5B1F3-AC5D-4EBE-9318-A306F0D5F041}.Release|Any CPU.Build.0 = Release|Any CPU
		{E327799B-75AE-4027-91DA-FB70BBC335B4}.Debug|Any CPU.ActiveCfg = Debug|Any CPU
		{E327799B-75AE-4027-91DA-FB70BBC335B4}.Debug|Any CPU.Build.0 = Debug|Any CPU
		{E327799B-75AE-4027-91DA-FB70BBC335B4}.Release|Any CPU.ActiveCfg = Release|Any CPU
		{E327799B-75AE-4027-91DA-FB70BBC335B4}.Release|Any CPU.Build.0 = Release|Any CPU
		{2B7F943C-3375-43D8-B86A-242AEBA20748}.Debug|Any CPU.ActiveCfg = Debug|Any CPU
		{2B7F943C-3375-43D8-B86A-242AEBA20748}.Debug|Any CPU.Build.0 = Debug|Any CPU
		{2B7F943C-3375-43D8-B86A-242AEBA20748}.Release|Any CPU.ActiveCfg = Release|Any CPU
		{2B7F943C-3375-43D8-B86A-242AEBA20748}.Release|Any CPU.Build.0 = Release|Any CPU
		{25DF3DCC-BC05-4071-AB4C-6262B0E5D0AD}.Debug|Any CPU.ActiveCfg = Debug|Any CPU
		{25DF3DCC-BC05-4071-AB4C-6262B0E5D0AD}.Debug|Any CPU.Build.0 = Debug|Any CPU
		{25DF3DCC-BC05-4071-AB4C-6262B0E5D0AD}.Release|Any CPU.ActiveCfg = Release|Any CPU
		{25DF3DCC-BC05-4071-AB4C-6262B0E5D0AD}.Release|Any CPU.Build.0 = Release|Any CPU
		{D0410D69-1C05-45EC-9224-D424E8DA303A}.Debug|Any CPU.ActiveCfg = Debug|Any CPU
		{D0410D69-1C05-45EC-9224-D424E8DA303A}.Debug|Any CPU.Build.0 = Debug|Any CPU
		{D0410D69-1C05-45EC-9224-D424E8DA303A}.Release|Any CPU.ActiveCfg = Release|Any CPU
		{D0410D69-1C05-45EC-9224-D424E8DA303A}.Release|Any CPU.Build.0 = Release|Any CPU
	EndGlobalSection
	GlobalSection(SolutionProperties) = preSolution
		HideSolutionNode = FALSE
	EndGlobalSection
	GlobalSection(NestedProjects) = preSolution
		{B8FB82EB-07EA-4D64-A5BB-A6E17FCFF5A5} = {DC219B24-191E-4D3D-9245-25152D253795}
		{78B4C9C3-7C65-4F2B-8D70-1695719A6D4B} = {DC219B24-191E-4D3D-9245-25152D253795}
		{E9AFCE65-8B41-4B20-8C2F-3D359734FBE7} = {8645CE47-C0F8-405D-8B74-076DFD300D18}
		{58D5B1F3-AC5D-4EBE-9318-A306F0D5F041} = {71C1C315-176B-4F92-9E0D-BB8063C44C48}
		{E327799B-75AE-4027-91DA-FB70BBC335B4} = {4B30748E-0080-4751-B3DB-45D98129F5F2}
		{2B7F943C-3375-43D8-B86A-242AEBA20748} = {4B30748E-0080-4751-B3DB-45D98129F5F2}
		{25DF3DCC-BC05-4071-AB4C-6262B0E5D0AD} = {4B30748E-0080-4751-B3DB-45D98129F5F2}
		{D0410D69-1C05-45EC-9224-D424E8DA303A} = {4B30748E-0080-4751-B3DB-45D98129F5F2}
	EndGlobalSection
	GlobalSection(ExtensibilityGlobals) = postSolution
		SolutionGuid = {1FB439C8-03F5-4379-82F6-5AA03850B974}
	EndGlobalSection
EndGlobal
